[[package]]
name = "art"
version = "5.4"
description = "ASCII Art Library For Python"
category = "main"
optional = false
python-versions = ">=2.7"

[package.extras]
dev = ["coverage (>=4.1)", "codecov (>=2.0.15)", "vulture (>=1.0)", "bandit (>=1.5.1)", "pydocstyle (>=3.0.0)"]

[[package]]
name = "pytube"
version = "11.0.2"
description = "Python 3 library for downloading YouTube Videos."
category = "main"
optional = false
python-versions = ">=3.6"

[metadata]
lock-version = "1.1"
python-versions = "^3.10"
content-hash = "7658580dabb72d11800ca3fac123f510647f271ac0ad08e22ee8f5a81010fd1e"

[metadata.files]
art = [
    {file = "art-5.4-py2.py3-none-any.whl", hash = "sha256:b745544b09a7ae9747e6ef852f59c2316a9605e4d7f51ed806c294d00cfb7154"},
    {file = "art-5.4.tar.gz", hash = "sha256:50969b793501b706d8ac7dacacc74b80083d3550137bfe3f7388a2c20b35dc1c"},
]
pytube = [
    {file = "pytube-11.0.2-py3-none-any.whl", hash = "sha256:bf2b350e8e991f82b874928f5f1ba1a733a9848d650b01b08fabdf85eea15356"},
    {file = "pytube-11.0.2.tar.gz", hash = "sha256:21d2d151e6525f9f79401ae7a74a7de1e2bb1c00ede5d77c89e22d496389c5f1"},
]
